
Microsoft Visual Studio Solution File, Format Version 12.00
# Visual Studio 14
VisualStudioVersion = 14.0.24720.0
MinimumVisualStudioVersion = 10.0.40219.1
Project("{FAE04EC0-301F-11D3-BF4B-00C04F79EFBC}") = "DigitalParadox.Wordpress", "src\DigitalParadox.Wordpress\DigitalParadox.Wordpress.csproj", "{3FFD529A-B0E5-4DC6-B08D-AD132527E73F}"
EndProject
Project("{FAE04EC0-301F-11D3-BF4B-00C04F79EFBC}") = "DigitalParadox.Wordpress.Interface", "src\DigitalParadox.Wordpress.Interface\DigitalParadox.Wordpress.Interface.csproj", "{7C593F6F-81BD-444C-9B0F-1E70B77951D6}"
EndProject
Project("{FAE04EC0-301F-11D3-BF4B-00C04F79EFBC}") = "DigitalParadox.Wordpress.Tests", "tests\DigitalParadox.Wordpress.Tests\DigitalParadox.Wordpress.Tests\DigitalParadox.Wordpress.Tests.csproj", "{DF99BA2E-6271-4FC1-A82C-F01143069BA1}"
EndProject
Global
	GlobalSection(SolutionConfigurationPlatforms) = preSolution
		Debug|Any CPU = Debug|Any CPU
		Release|Any CPU = Release|Any CPU
	EndGlobalSection
	GlobalSection(ProjectConfigurationPlatforms) = postSolution
		{3FFD529A-B0E5-4DC6-B08D-AD132527E73F}.Debug|Any CPU.ActiveCfg = Debug|Any CPU
		{3FFD529A-B0E5-4DC6-B08D-AD132527E73F}.Debug|Any CPU.Build.0 = Debug|Any CPU
		{3FFD529A-B0E5-4DC6-B08D-AD132527E73F}.Release|Any CPU.ActiveCfg = Release|Any CPU
		{3FFD529A-B0E5-4DC6-B08D-AD132527E73F}.Release|Any CPU.Build.0 = Release|Any CPU
		{7C593F6F-81BD-444C-9B0F-1E70B77951D6}.Debug|Any CPU.ActiveCfg = Debug|Any CPU
		{7C593F6F-81BD-444C-9B0F-1E70B77951D6}.Debug|Any CPU.Build.0 = Debug|Any CPU
		{7C593F6F-81BD-444C-9B0F-1E70B77951D6}.Release|Any CPU.ActiveCfg = Release|Any CPU
		{7C593F6F-81BD-444C-9B0F-1E70B77951D6}.Release|Any CPU.Build.0 = Release|Any CPU
		{DF99BA2E-6271-4FC1-A82C-F01143069BA1}.Debug|Any CPU.ActiveCfg = Debug|Any CPU
		{DF99BA2E-6271-4FC1-A82C-F01143069BA1}.Debug|Any CPU.Build.0 = Debug|Any CPU
		{DF99BA2E-6271-4FC1-A82C-F01143069BA1}.Release|Any CPU.ActiveCfg = Release|Any CPU
		{DF99BA2E-6271-4FC1-A82C-F01143069BA1}.Release|Any CPU.Build.0 = Release|Any CPU
	EndGlobalSection
	GlobalSection(SolutionProperties) = preSolution
		HideSolutionNode = FALSE
	EndGlobalSection
EndGlobal
